
Microsoft Visual Studio Solution File, Format Version 12.00
# Visual Studio Version 17
VisualStudioVersion = 17.9.34616.47
MinimumVisualStudioVersion = 10.0.40219.1
Project("{2150E333-8FDC-42A3-9474-1A3956D46DE8}") = "src", "src", "{F9C24137-5918-4818-BA4E-7EA4E076C36E}"
EndProject
Project("{2150E333-8FDC-42A3-9474-1A3956D46DE8}") = "test", "test", "{15F1102D-130C-463D-BDC9-37469C75A96A}"
EndProject
Project("{2150E333-8FDC-42A3-9474-1A3956D46DE8}") = "Presentation", "Presentation", "{B8B0E2C7-B711-471D-8969-6E895F6DC42A}"
EndProject
Project("{2150E333-8FDC-42A3-9474-1A3956D46DE8}") = "Core", "Core", "{7D27A4AE-1C46-4AEF-926C-0B16FBB00B64}"
EndProject
Project("{2150E333-8FDC-42A3-9474-1A3956D46DE8}") = "Infrastructure", "Infrastructure", "{A09E616A-124D-4B2B-A6AA-B36BCD72A2C3}"
EndProject
Project("{2150E333-8FDC-42A3-9474-1A3956D46DE8}") = "tests", "tests", "{1B97EF3B-5C9B-43C0-BD7E-0BB9CC81D292}"
EndProject
Project("{9A19103F-16F7-4668-BE54-9A1E7A4F7556}") = "App.Api", "App.Api\App.Api.csproj", "{614BF478-CAA4-4687-832B-CD973CF4AB09}"
EndProject
Project("{9A19103F-16F7-4668-BE54-9A1E7A4F7556}") = "App.Domain", "App.Core\App.Domain.csproj", "{BE0E056D-E7A6-455C-8F3D-A9E45BE1E3F2}"
EndProject
Project("{9A19103F-16F7-4668-BE54-9A1E7A4F7556}") = "App.Application", "App.Application\App.Application.csproj", "{3CB89EDA-0106-4475-B442-E81FD0D0CF35}"
EndProject
Project("{9A19103F-16F7-4668-BE54-9A1E7A4F7556}") = "App.Infrastructure", "App.Infrastructure\App.Infrastructure.csproj", "{0ED46E72-0F31-4AC9-955E-ED769EEE5B5D}"
EndProject
Project("{9A19103F-16F7-4668-BE54-9A1E7A4F7556}") = "App.Ui", "App.Ui\App.Ui.csproj", "{AE6B131A-D7E9-4716-B972-0766CD93E71B}"
EndProject
Global
	GlobalSection(SolutionConfigurationPlatforms) = preSolution
		Debug|Any CPU = Debug|Any CPU
		Release|Any CPU = Release|Any CPU
	EndGlobalSection
	GlobalSection(ProjectConfigurationPlatforms) = postSolution
		{614BF478-CAA4-4687-832B-CD973CF4AB09}.Debug|Any CPU.ActiveCfg = Debug|Any CPU
		{614BF478-CAA4-4687-832B-CD973CF4AB09}.Debug|Any CPU.Build.0 = Debug|Any CPU
		{614BF478-CAA4-4687-832B-CD973CF4AB09}.Release|Any CPU.ActiveCfg = Release|Any CPU
		{614BF478-CAA4-4687-832B-CD973CF4AB09}.Release|Any CPU.Build.0 = Release|Any CPU
		{BE0E056D-E7A6-455C-8F3D-A9E45BE1E3F2}.Debug|Any CPU.ActiveCfg = Debug|Any CPU
		{BE0E056D-E7A6-455C-8F3D-A9E45BE1E3F2}.Debug|Any CPU.Build.0 = Debug|Any CPU
		{BE0E056D-E7A6-455C-8F3D-A9E45BE1E3F2}.Release|Any CPU.ActiveCfg = Release|Any CPU
		{BE0E056D-E7A6-455C-8F3D-A9E45BE1E3F2}.Release|Any CPU.Build.0 = Release|Any CPU
		{3CB89EDA-0106-4475-B442-E81FD0D0CF35}.Debug|Any CPU.ActiveCfg = Debug|Any CPU
		{3CB89EDA-0106-4475-B442-E81FD0D0CF35}.Debug|Any CPU.Build.0 = Debug|Any CPU
		{3CB89EDA-0106-4475-B442-E81FD0D0CF35}.Release|Any CPU.ActiveCfg = Release|Any CPU
		{3CB89EDA-0106-4475-B442-E81FD0D0CF35}.Release|Any CPU.Build.0 = Release|Any CPU
		{0ED46E72-0F31-4AC9-955E-ED769EEE5B5D}.Debug|Any CPU.ActiveCfg = Debug|Any CPU
		{0ED46E72-0F31-4AC9-955E-ED769EEE5B5D}.Debug|Any CPU.Build.0 = Debug|Any CPU
		{0ED46E72-0F31-4AC9-955E-ED769EEE5B5D}.Release|Any CPU.ActiveCfg = Release|Any CPU
		{0ED46E72-0F31-4AC9-955E-ED769EEE5B5D}.Release|Any CPU.Build.0 = Release|Any CPU
		{AE6B131A-D7E9-4716-B972-0766CD93E71B}.Debug|Any CPU.ActiveCfg = Debug|Any CPU
		{AE6B131A-D7E9-4716-B972-0766CD93E71B}.Debug|Any CPU.Build.0 = Debug|Any CPU
		{AE6B131A-D7E9-4716-B972-0766CD93E71B}.Release|Any CPU.ActiveCfg = Release|Any CPU
		{AE6B131A-D7E9-4716-B972-0766CD93E71B}.Release|Any CPU.Build.0 = Release|Any CPU
	EndGlobalSection
	GlobalSection(SolutionProperties) = preSolution
		HideSolutionNode = FALSE
	EndGlobalSection
	GlobalSection(NestedProjects) = preSolution
		{B8B0E2C7-B711-471D-8969-6E895F6DC42A} = {F9C24137-5918-4818-BA4E-7EA4E076C36E}
		{7D27A4AE-1C46-4AEF-926C-0B16FBB00B64} = {F9C24137-5918-4818-BA4E-7EA4E076C36E}
		{A09E616A-124D-4B2B-A6AA-B36BCD72A2C3} = {F9C24137-5918-4818-BA4E-7EA4E076C36E}
		{1B97EF3B-5C9B-43C0-BD7E-0BB9CC81D292} = {15F1102D-130C-463D-BDC9-37469C75A96A}
		{614BF478-CAA4-4687-832B-CD973CF4AB09} = {B8B0E2C7-B711-471D-8969-6E895F6DC42A}
		{BE0E056D-E7A6-455C-8F3D-A9E45BE1E3F2} = {7D27A4AE-1C46-4AEF-926C-0B16FBB00B64}
		{3CB89EDA-0106-4475-B442-E81FD0D0CF35} = {7D27A4AE-1C46-4AEF-926C-0B16FBB00B64}
		{0ED46E72-0F31-4AC9-955E-ED769EEE5B5D} = {A09E616A-124D-4B2B-A6AA-B36BCD72A2C3}
		{AE6B131A-D7E9-4716-B972-0766CD93E71B} = {B8B0E2C7-B711-471D-8969-6E895F6DC42A}
	EndGlobalSection
	GlobalSection(ExtensibilityGlobals) = postSolution
		SolutionGuid = {0756548B-9F7F-4EEF-B047-A8138B8CCED0}
	EndGlobalSection
EndGlobal
